
Microsoft Visual Studio Solution File, Format Version 11.00
# Visual Studio 2010
Project("{FAE04EC0-301F-11D3-BF4B-00C04F79EFBC}") = "server", "server\server.csproj", "{4E01B4C2-F0D9-45DB-AA30-3AC59C5E05D1}"
EndProject
Project("{FAE04EC0-301F-11D3-BF4B-00C04F79EFBC}") = "Client", "Client\Client.csproj", "{5F6FCF53-BCC1-4AFB-9B51-420464C0E89E}"
EndProject
Project("{FAE04EC0-301F-11D3-BF4B-00C04F79EFBC}") = "Common", "Common\Common.csproj", "{0BB9D69F-ED3C-4D40-BC7B-5A682BB4DECD}"
EndProject
Global
	GlobalSection(SolutionConfigurationPlatforms) = preSolution
		Debug|x86 = Debug|x86
		Release|x86 = Release|x86
	EndGlobalSection
	GlobalSection(ProjectConfigurationPlatforms) = postSolution
		{0BB9D69F-ED3C-4D40-BC7B-5A682BB4DECD}.Debug|x86.ActiveCfg = Debug|Any CPU
		{0BB9D69F-ED3C-4D40-BC7B-5A682BB4DECD}.Debug|x86.Build.0 = Debug|Any CPU
		{0BB9D69F-ED3C-4D40-BC7B-5A682BB4DECD}.Release|x86.ActiveCfg = Release|Any CPU
		{0BB9D69F-ED3C-4D40-BC7B-5A682BB4DECD}.Release|x86.Build.0 = Release|Any CPU
		{4E01B4C2-F0D9-45DB-AA30-3AC59C5E05D1}.Debug|x86.ActiveCfg = Debug|x86
		{4E01B4C2-F0D9-45DB-AA30-3AC59C5E05D1}.Debug|x86.Build.0 = Debug|x86
		{4E01B4C2-F0D9-45DB-AA30-3AC59C5E05D1}.Release|x86.ActiveCfg = Release|x86
		{4E01B4C2-F0D9-45DB-AA30-3AC59C5E05D1}.Release|x86.Build.0 = Release|x86
		{5F6FCF53-BCC1-4AFB-9B51-420464C0E89E}.Debug|x86.ActiveCfg = Debug|x86
		{5F6FCF53-BCC1-4AFB-9B51-420464C0E89E}.Debug|x86.Build.0 = Debug|x86
		{5F6FCF53-BCC1-4AFB-9B51-420464C0E89E}.Release|x86.ActiveCfg = Release|x86
		{5F6FCF53-BCC1-4AFB-9B51-420464C0E89E}.Release|x86.Build.0 = Release|x86
	EndGlobalSection
	GlobalSection(MonoDevelopProperties) = preSolution
		StartupItem = server\server.csproj
	EndGlobalSection
EndGlobal
